
Microsoft Visual Studio Solution File, Format Version 12.00
# Visual Studio Version 17
VisualStudioVersion = 17.5.002.0
MinimumVisualStudioVersion = 10.0.40219.1
Project("{9A19103F-16F7-4668-BE54-9A1E7A4F7556}") = "Library", "Library\Library.csproj", "{47D501B5-E446-41BE-9D65-CF5A59BB9D35}"
EndProject
Project("{9A19103F-16F7-4668-BE54-9A1E7A4F7556}") = "Program", "Program\Program.csproj", "{F71DE3AD-5059-4F17-89D6-566BC9AF471E}"
EndProject
Global
	GlobalSection(SolutionConfigurationPlatforms) = preSolution
		Debug|Any CPU = Debug|Any CPU
		Release|Any CPU = Release|Any CPU
	EndGlobalSection
	GlobalSection(ProjectConfigurationPlatforms) = postSolution
		{47D501B5-E446-41BE-9D65-CF5A59BB9D35}.Debug|Any CPU.ActiveCfg = Debug|Any CPU
		{47D501B5-E446-41BE-9D65-CF5A59BB9D35}.Debug|Any CPU.Build.0 = Debug|Any CPU
		{47D501B5-E446-41BE-9D65-CF5A59BB9D35}.Release|Any CPU.ActiveCfg = Release|Any CPU
		{47D501B5-E446-41BE-9D65-CF5A59BB9D35}.Release|Any CPU.Build.0 = Release|Any CPU
		{F71DE3AD-5059-4F17-89D6-566BC9AF471E}.Debug|Any CPU.ActiveCfg = Debug|Any CPU
		{F71DE3AD-5059-4F17-89D6-566BC9AF471E}.Debug|Any CPU.Build.0 = Debug|Any CPU
		{F71DE3AD-5059-4F17-89D6-566BC9AF471E}.Release|Any CPU.ActiveCfg = Release|Any CPU
		{F71DE3AD-5059-4F17-89D6-566BC9AF471E}.Release|Any CPU.Build.0 = Release|Any CPU
	EndGlobalSection
	GlobalSection(SolutionProperties) = preSolution
		HideSolutionNode = FALSE
	EndGlobalSection
	GlobalSection(ExtensibilityGlobals) = postSolution
		SolutionGuid = {070B7600-EF0C-419B-82ED-8D1A758F473C}
	EndGlobalSection
EndGlobal
